// !$*UTF8*$!
{
	archiveVersion = 1;
	classes = {
	};
	objectVersion = 56;
	objects = {

/* Begin PBXBuildFile section */
		043367B02C171DC400B12C7A /* CalendarInfoView.swift in Sources */ = {isa = PBXBuildFile; fileRef = 043367AF2C171DC400B12C7A /* CalendarInfoView.swift */; };
		043367B82C176E1E00B12C7A /* CalendarInfo.swift in Sources */ = {isa = PBXBuildFile; fileRef = 043367B72C176E1E00B12C7A /* CalendarInfo.swift */; };
		043367C02C18134F00B12C7A /* CalendarInfoHeader.swift in Sources */ = {isa = PBXBuildFile; fileRef = 043367BF2C18134F00B12C7A /* CalendarInfoHeader.swift */; };
		043367C62C1981C900B12C7A /* CustomTabBar.swift in Sources */ = {isa = PBXBuildFile; fileRef = 043367C52C1981C900B12C7A /* CustomTabBar.swift */; };
		043367CD2C198C6800B12C7A /* Struct.swift in Sources */ = {isa = PBXBuildFile; fileRef = 043367C82C198C6700B12C7A /* Struct.swift */; };
		043367CE2C198C6800B12C7A /* InfinitePagerView.swift in Sources */ = {isa = PBXBuildFile; fileRef = 043367C92C198C6700B12C7A /* InfinitePagerView.swift */; };
		043367CF2C198C6800B12C7A /* CalendarView.swift in Sources */ = {isa = PBXBuildFile; fileRef = 043367CA2C198C6700B12C7A /* CalendarView.swift */; };
		043367D12C198C6800B12C7A /* CalendarController.swift in Sources */ = {isa = PBXBuildFile; fileRef = 043367CC2C198C6800B12C7A /* CalendarController.swift */; };
		043367D32C198F9D00B12C7A /* CalendarInfoDetail.swift in Sources */ = {isa = PBXBuildFile; fileRef = 043367D22C198F9D00B12C7A /* CalendarInfoDetail.swift */; };
		043367D52C199F4600B12C7A /* fakeData.swift in Sources */ = {isa = PBXBuildFile; fileRef = 043367D42C199F4600B12C7A /* fakeData.swift */; };
		04CB62A42C1C00D1001981A7 /* CalendarInfoViewModel.swift in Sources */ = {isa = PBXBuildFile; fileRef = 04CB62A32C1C00D1001981A7 /* CalendarInfoViewModel.swift */; };
		04CB62A72C1C12E9001981A7 /* Person.swift in Sources */ = {isa = PBXBuildFile; fileRef = 04CB62A62C1C12E9001981A7 /* Person.swift */; };
		04CB62A92C1D7439001981A7 /* PersonDashboardView.swift in Sources */ = {isa = PBXBuildFile; fileRef = 04CB62A82C1D7439001981A7 /* PersonDashboardView.swift */; };
		04CB62B12C1F3129001981A7 /* Global.swift in Sources */ = {isa = PBXBuildFile; fileRef = 04CB62B02C1F3129001981A7 /* Global.swift */; };
		04DDC51C2C12FBBE00A97BAA /* CareSyncApp.swift in Sources */ = {isa = PBXBuildFile; fileRef = 04DDC51B2C12FBBE00A97BAA /* CareSyncApp.swift */; };
		04DDC51E2C12FBBE00A97BAA /* ContentView.swift in Sources */ = {isa = PBXBuildFile; fileRef = 04DDC51D2C12FBBE00A97BAA /* ContentView.swift */; };
		04DDC5202C12FBC200A97BAA /* Assets.xcassets in Resources */ = {isa = PBXBuildFile; fileRef = 04DDC51F2C12FBC200A97BAA /* Assets.xcassets */; };
		04DDC5232C12FBC200A97BAA /* Preview Assets.xcassets in Resources */ = {isa = PBXBuildFile; fileRef = 04DDC5222C12FBC200A97BAA /* Preview Assets.xcassets */; };
		04DDC52A2C15F1AD00A97BAA /* HomeView.swift in Sources */ = {isa = PBXBuildFile; fileRef = 04DDC5292C15F1AD00A97BAA /* HomeView.swift */; };
		04FB21042C2275EA00E6E75A /* AddCalendarInfoView.swift in Sources */ = {isa = PBXBuildFile; fileRef = 04FB21032C2275EA00E6E75A /* AddCalendarInfoView.swift */; };
/* End PBXBuildFile section */

/* Begin PBXFileReference section */
		043367AF2C171DC400B12C7A /* CalendarInfoView.swift */ = {isa = PBXFileReference; lastKnownFileType = sourcecode.swift; path = CalendarInfoView.swift; sourceTree = "<group>"; };
		043367B72C176E1E00B12C7A /* CalendarInfo.swift */ = {isa = PBXFileReference; lastKnownFileType = sourcecode.swift; path = CalendarInfo.swift; sourceTree = "<group>"; };
		043367BF2C18134F00B12C7A /* CalendarInfoHeader.swift */ = {isa = PBXFileReference; lastKnownFileType = sourcecode.swift; path = CalendarInfoHeader.swift; sourceTree = "<group>"; };
		043367C52C1981C900B12C7A /* CustomTabBar.swift */ = {isa = PBXFileReference; lastKnownFileType = sourcecode.swift; path = CustomTabBar.swift; sourceTree = "<group>"; };
		043367C82C198C6700B12C7A /* Struct.swift */ = {isa = PBXFileReference; fileEncoding = 4; lastKnownFileType = sourcecode.swift; path = Struct.swift; sourceTree = "<group>"; };
		043367C92C198C6700B12C7A /* InfinitePagerView.swift */ = {isa = PBXFileReference; fileEncoding = 4; lastKnownFileType = sourcecode.swift; path = InfinitePagerView.swift; sourceTree = "<group>"; };
		043367CA2C198C6700B12C7A /* CalendarView.swift */ = {isa = PBXFileReference; fileEncoding = 4; lastKnownFileType = sourcecode.swift; path = CalendarView.swift; sourceTree = "<group>"; };
		043367CC2C198C6800B12C7A /* CalendarController.swift */ = {isa = PBXFileReference; fileEncoding = 4; lastKnownFileType = sourcecode.swift; path = CalendarController.swift; sourceTree = "<group>"; };
		043367D22C198F9D00B12C7A /* CalendarInfoDetail.swift */ = {isa = PBXFileReference; lastKnownFileType = sourcecode.swift; path = CalendarInfoDetail.swift; sourceTree = "<group>"; };
		043367D42C199F4600B12C7A /* fakeData.swift */ = {isa = PBXFileReference; lastKnownFileType = sourcecode.swift; path = fakeData.swift; sourceTree = "<group>"; };
		04CB62A32C1C00D1001981A7 /* CalendarInfoViewModel.swift */ = {isa = PBXFileReference; lastKnownFileType = sourcecode.swift; path = CalendarInfoViewModel.swift; sourceTree = "<group>"; };
		04CB62A62C1C12E9001981A7 /* Person.swift */ = {isa = PBXFileReference; lastKnownFileType = sourcecode.swift; path = Person.swift; sourceTree = "<group>"; };
		04CB62A82C1D7439001981A7 /* PersonDashboardView.swift */ = {isa = PBXFileReference; lastKnownFileType = sourcecode.swift; path = PersonDashboardView.swift; sourceTree = "<group>"; };
		04CB62B02C1F3129001981A7 /* Global.swift */ = {isa = PBXFileReference; lastKnownFileType = sourcecode.swift; path = Global.swift; sourceTree = "<group>"; };
		04DDC5182C12FBBE00A97BAA /* CareSync.app */ = {isa = PBXFileReference; explicitFileType = wrapper.application; includeInIndex = 0; path = CareSync.app; sourceTree = BUILT_PRODUCTS_DIR; };
		04DDC51B2C12FBBE00A97BAA /* CareSyncApp.swift */ = {isa = PBXFileReference; lastKnownFileType = sourcecode.swift; path = CareSyncApp.swift; sourceTree = "<group>"; };
		04DDC51D2C12FBBE00A97BAA /* ContentView.swift */ = {isa = PBXFileReference; lastKnownFileType = sourcecode.swift; path = ContentView.swift; sourceTree = "<group>"; };
		04DDC51F2C12FBC200A97BAA /* Assets.xcassets */ = {isa = PBXFileReference; lastKnownFileType = folder.assetcatalog; path = Assets.xcassets; sourceTree = "<group>"; };
		04DDC5222C12FBC200A97BAA /* Preview Assets.xcassets */ = {isa = PBXFileReference; lastKnownFileType = folder.assetcatalog; path = "Preview Assets.xcassets"; sourceTree = "<group>"; };
		04DDC5292C15F1AD00A97BAA /* HomeView.swift */ = {isa = PBXFileReference; lastKnownFileType = sourcecode.swift; path = HomeView.swift; sourceTree = "<group>"; };
		04FB21032C2275EA00E6E75A /* AddCalendarInfoView.swift */ = {isa = PBXFileReference; lastKnownFileType = sourcecode.swift; path = AddCalendarInfoView.swift; sourceTree = "<group>"; };
/* End PBXFileReference section */

/* Begin PBXFrameworksBuildPhase section */
		04DDC5152C12FBBE00A97BAA /* Frameworks */ = {
			isa = PBXFrameworksBuildPhase;
			buildActionMask = 2147483647;
			files = (
			);
			runOnlyForDeploymentPostprocessing = 0;
		};
/* End PBXFrameworksBuildPhase section */

/* Begin PBXGroup section */
		04CB62AB2C1F2D98001981A7 /* Models */ = {
			isa = PBXGroup;
			children = (
				04CB62A62C1C12E9001981A7 /* Person.swift */,
				043367B72C176E1E00B12C7A /* CalendarInfo.swift */,
			);
			path = Models;
			sourceTree = "<group>";
		};
		04CB62AC2C1F2DA3001981A7 /* ViewModels */ = {
			isa = PBXGroup;
			children = (
				04CB62A32C1C00D1001981A7 /* CalendarInfoViewModel.swift */,
			);
			path = ViewModels;
			sourceTree = "<group>";
		};
		04CB62AD2C1F2DB2001981A7 /* Views */ = {
			isa = PBXGroup;
			children = (
				04CB62A82C1D7439001981A7 /* PersonDashboardView.swift */,
				043367AF2C171DC400B12C7A /* CalendarInfoView.swift */,
				04FB21032C2275EA00E6E75A /* AddCalendarInfoView.swift */,
			);
			path = Views;
			sourceTree = "<group>";
		};
		04CB62AE2C1F2DB9001981A7 /* Supporting Files */ = {
			isa = PBXGroup;
			children = (
				043367CC2C198C6800B12C7A /* CalendarController.swift */,
				043367CA2C198C6700B12C7A /* CalendarView.swift */,
				043367C92C198C6700B12C7A /* InfinitePagerView.swift */,
				043367C82C198C6700B12C7A /* Struct.swift */,
				04CB62B02C1F3129001981A7 /* Global.swift */,
			);
			path = "Supporting Files";
			sourceTree = "<group>";
		};
		04CB62AF2C1F2E31001981A7 /* Components */ = {
			isa = PBXGroup;
			children = (
				043367BF2C18134F00B12C7A /* CalendarInfoHeader.swift */,
				043367D22C198F9D00B12C7A /* CalendarInfoDetail.swift */,
				043367C52C1981C900B12C7A /* CustomTabBar.swift */,
			);
			path = Components;
			sourceTree = "<group>";
		};
		04DDC50F2C12FBBE00A97BAA = {
			isa = PBXGroup;
			children = (
				04DDC51A2C12FBBE00A97BAA /* CareSync */,
				04DDC5192C12FBBE00A97BAA /* Products */,
			);
			sourceTree = "<group>";
		};
		04DDC5192C12FBBE00A97BAA /* Products */ = {
			isa = PBXGroup;
			children = (
				04DDC5182C12FBBE00A97BAA /* CareSync.app */,
			);
			name = Products;
			sourceTree = "<group>";
		};
		04DDC51A2C12FBBE00A97BAA /* CareSync */ = {
			isa = PBXGroup;
			children = (
				04CB62AF2C1F2E31001981A7 /* Components */,
				04CB62AD2C1F2DB2001981A7 /* Views */,
				04CB62AC2C1F2DA3001981A7 /* ViewModels */,
				04CB62AB2C1F2D98001981A7 /* Models */,
				04CB62AE2C1F2DB9001981A7 /* Supporting Files */,
				043367D42C199F4600B12C7A /* fakeData.swift */,
				04DDC5292C15F1AD00A97BAA /* HomeView.swift */,
				04DDC51D2C12FBBE00A97BAA /* ContentView.swift */,
				04DDC51B2C12FBBE00A97BAA /* CareSyncApp.swift */,
				04DDC51F2C12FBC200A97BAA /* Assets.xcassets */,
				04DDC5212C12FBC200A97BAA /* Preview Content */,
			);
			path = CareSync;
			sourceTree = "<group>";
		};
		04DDC5212C12FBC200A97BAA /* Preview Content */ = {
			isa = PBXGroup;
			children = (
				04DDC5222C12FBC200A97BAA /* Preview Assets.xcassets */,
			);
			path = "Preview Content";
			sourceTree = "<group>";
		};
/* End PBXGroup section */

/* Begin PBXNativeTarget section */
		04DDC5172C12FBBE00A97BAA /* CareSync */ = {
			isa = PBXNativeTarget;
			buildConfigurationList = 04DDC5262C12FBC200A97BAA /* Build configuration list for PBXNativeTarget "CareSync" */;
			buildPhases = (
				04DDC5142C12FBBE00A97BAA /* Sources */,
				04DDC5152C12FBBE00A97BAA /* Frameworks */,
				04DDC5162C12FBBE00A97BAA /* Resources */,
			);
			buildRules = (
			);
			dependencies = (
			);
			name = CareSync;
			packageProductDependencies = (
			);
			productName = CareSync;
			productReference = 04DDC5182C12FBBE00A97BAA /* CareSync.app */;
			productType = "com.apple.product-type.application";
		};
/* End PBXNativeTarget section */

/* Begin PBXProject section */
		04DDC5102C12FBBE00A97BAA /* Project object */ = {
			isa = PBXProject;
			attributes = {
				BuildIndependentTargetsInParallel = 1;
				LastSwiftUpdateCheck = 1530;
				LastUpgradeCheck = 1530;
				TargetAttributes = {
					04DDC5172C12FBBE00A97BAA = {
						CreatedOnToolsVersion = 15.3;
					};
				};
			};
			buildConfigurationList = 04DDC5132C12FBBE00A97BAA /* Build configuration list for PBXProject "CareSync" */;
			compatibilityVersion = "Xcode 14.0";
			developmentRegion = en;
			hasScannedForEncodings = 0;
			knownRegions = (
				en,
				Base,
			);
			mainGroup = 04DDC50F2C12FBBE00A97BAA;
			packageReferences = (
			);
			productRefGroup = 04DDC5192C12FBBE00A97BAA /* Products */;
			projectDirPath = "";
			projectRoot = "";
			targets = (
				04DDC5172C12FBBE00A97BAA /* CareSync */,
			);
		};
/* End PBXProject section */

/* Begin PBXResourcesBuildPhase section */
		04DDC5162C12FBBE00A97BAA /* Resources */ = {
			isa = PBXResourcesBuildPhase;
			buildActionMask = 2147483647;
			files = (
				04DDC5232C12FBC200A97BAA /* Preview Assets.xcassets in Resources */,
				04DDC5202C12FBC200A97BAA /* Assets.xcassets in Resources */,
			);
			runOnlyForDeploymentPostprocessing = 0;
		};
/* End PBXResourcesBuildPhase section */

/* Begin PBXSourcesBuildPhase section */
		04DDC5142C12FBBE00A97BAA /* Sources */ = {
			isa = PBXSourcesBuildPhase;
			buildActionMask = 2147483647;
			files = (
				04CB62A92C1D7439001981A7 /* PersonDashboardView.swift in Sources */,
				043367D52C199F4600B12C7A /* fakeData.swift in Sources */,
				043367CF2C198C6800B12C7A /* CalendarView.swift in Sources */,
				043367D12C198C6800B12C7A /* CalendarController.swift in Sources */,
				043367B82C176E1E00B12C7A /* CalendarInfo.swift in Sources */,
				043367CE2C198C6800B12C7A /* InfinitePagerView.swift in Sources */,
				043367C02C18134F00B12C7A /* CalendarInfoHeader.swift in Sources */,
				043367D32C198F9D00B12C7A /* CalendarInfoDetail.swift in Sources */,
				04FB21042C2275EA00E6E75A /* AddCalendarInfoView.swift in Sources */,
				043367C62C1981C900B12C7A /* CustomTabBar.swift in Sources */,
				04DDC52A2C15F1AD00A97BAA /* HomeView.swift in Sources */,
				04CB62A42C1C00D1001981A7 /* CalendarInfoViewModel.swift in Sources */,
				043367CD2C198C6800B12C7A /* Struct.swift in Sources */,
				04DDC51E2C12FBBE00A97BAA /* ContentView.swift in Sources */,
				043367B02C171DC400B12C7A /* CalendarInfoView.swift in Sources */,
				04CB62A72C1C12E9001981A7 /* Person.swift in Sources */,
				04DDC51C2C12FBBE00A97BAA /* CareSyncApp.swift in Sources */,
				04CB62B12C1F3129001981A7 /* Global.swift in Sources */,
			);
			runOnlyForDeploymentPostprocessing = 0;
		};
/* End PBXSourcesBuildPhase section */

/* Begin XCBuildConfiguration section */
		04DDC5242C12FBC200A97BAA /* Debug */ = {
			isa = XCBuildConfiguration;
			buildSettings = {
				ALWAYS_SEARCH_USER_PATHS = NO;
				ASSETCATALOG_COMPILER_GENERATE_SWIFT_ASSET_SYMBOL_EXTENSIONS = YES;
				CLANG_ANALYZER_NONNULL = YES;
				CLANG_ANALYZER_NUMBER_OBJECT_CONVERSION = YES_AGGRESSIVE;
				CLANG_CXX_LANGUAGE_STANDARD = "gnu++20";
				CLANG_ENABLE_MODULES = YES;
				CLANG_ENABLE_OBJC_ARC = YES;
				CLANG_ENABLE_OBJC_WEAK = YES;
				CLANG_WARN_BLOCK_CAPTURE_AUTORELEASING = YES;
				CLANG_WARN_BOOL_CONVERSION = YES;
				CLANG_WARN_COMMA = YES;
				CLANG_WARN_CONSTANT_CONVERSION = YES;
				CLANG_WARN_DEPRECATED_OBJC_IMPLEMENTATIONS = YES;
				CLANG_WARN_DIRECT_OBJC_ISA_USAGE = YES_ERROR;
				CLANG_WARN_DOCUMENTATION_COMMENTS = YES;
				CLANG_WARN_EMPTY_BODY = YES;
				CLANG_WARN_ENUM_CONVERSION = YES;
				CLANG_WARN_INFINITE_RECURSION = YES;
				CLANG_WARN_INT_CONVERSION = YES;
				CLANG_WARN_NON_LITERAL_NULL_CONVERSION = YES;
				CLANG_WARN_OBJC_IMPLICIT_RETAIN_SELF = YES;
				CLANG_WARN_OBJC_LITERAL_CONVERSION = YES;
				CLANG_WARN_OBJC_ROOT_CLASS = YES_ERROR;
				CLANG_WARN_QUOTED_INCLUDE_IN_FRAMEWORK_HEADER = YES;
				CLANG_WARN_RANGE_LOOP_ANALYSIS = YES;
				CLANG_WARN_STRICT_PROTOTYPES = YES;
				CLANG_WARN_SUSPICIOUS_MOVE = YES;
				CLANG_WARN_UNGUARDED_AVAILABILITY = YES_AGGRESSIVE;
				CLANG_WARN_UNREACHABLE_CODE = YES;
				CLANG_WARN__DUPLICATE_METHOD_MATCH = YES;
				COPY_PHASE_STRIP = NO;
				DEBUG_INFORMATION_FORMAT = dwarf;
				ENABLE_STRICT_OBJC_MSGSEND = YES;
				ENABLE_TESTABILITY = YES;
				ENABLE_USER_SCRIPT_SANDBOXING = YES;
				GCC_C_LANGUAGE_STANDARD = gnu17;
				GCC_DYNAMIC_NO_PIC = NO;
				GCC_NO_COMMON_BLOCKS = YES;
				GCC_OPTIMIZATION_LEVEL = 0;
				GCC_PREPROCESSOR_DEFINITIONS = (
					"DEBUG=1",
					"$(inherited)",
				);
				GCC_WARN_64_TO_32_BIT_CONVERSION = YES;
				GCC_WARN_ABOUT_RETURN_TYPE = YES_ERROR;
				GCC_WARN_UNDECLARED_SELECTOR = YES;
				GCC_WARN_UNINITIALIZED_AUTOS = YES_AGGRESSIVE;
				GCC_WARN_UNUSED_FUNCTION = YES;
				GCC_WARN_UNUSED_VARIABLE = YES;
				IPHONEOS_DEPLOYMENT_TARGET = 17.4;
				LOCALIZATION_PREFERS_STRING_CATALOGS = YES;
				MTL_ENABLE_DEBUG_INFO = INCLUDE_SOURCE;
				MTL_FAST_MATH = YES;
				ONLY_ACTIVE_ARCH = YES;
				SDKROOT = iphoneos;
				SWIFT_ACTIVE_COMPILATION_CONDITIONS = "DEBUG $(inherited)";
				SWIFT_OPTIMIZATION_LEVEL = "-Onone";
			};
			name = Debug;
		};
		04DDC5252C12FBC200A97BAA /* Release */ = {
			isa = XCBuildConfiguration;
			buildSettings = {
				ALWAYS_SEARCH_USER_PATHS = NO;
				ASSETCATALOG_COMPILER_GENERATE_SWIFT_ASSET_SYMBOL_EXTENSIONS = YES;
				CLANG_ANALYZER_NONNULL = YES;
				CLANG_ANALYZER_NUMBER_OBJECT_CONVERSION = YES_AGGRESSIVE;
				CLANG_CXX_LANGUAGE_STANDARD = "gnu++20";
				CLANG_ENABLE_MODULES = YES;
				CLANG_ENABLE_OBJC_ARC = YES;
				CLANG_ENABLE_OBJC_WEAK = YES;
				CLANG_WARN_BLOCK_CAPTURE_AUTORELEASING = YES;
				CLANG_WARN_BOOL_CONVERSION = YES;
				CLANG_WARN_COMMA = YES;
				CLANG_WARN_CONSTANT_CONVERSION = YES;
				CLANG_WARN_DEPRECATED_OBJC_IMPLEMENTATIONS = YES;
				CLANG_WARN_DIRECT_OBJC_ISA_USAGE = YES_ERROR;
				CLANG_WARN_DOCUMENTATION_COMMENTS = YES;
				CLANG_WARN_EMPTY_BODY = YES;
				CLANG_WARN_ENUM_CONVERSION = YES;
				CLANG_WARN_INFINITE_RECURSION = YES;
				CLANG_WARN_INT_CONVERSION = YES;
				CLANG_WARN_NON_LITERAL_NULL_CONVERSION = YES;
				CLANG_WARN_OBJC_IMPLICIT_RETAIN_SELF = YES;
				CLANG_WARN_OBJC_LITERAL_CONVERSION = YES;
				CLANG_WARN_OBJC_ROOT_CLASS = YES_ERROR;
				CLANG_WARN_QUOTED_INCLUDE_IN_FRAMEWORK_HEADER = YES;
				CLANG_WARN_RANGE_LOOP_ANALYSIS = YES;
				CLANG_WARN_STRICT_PROTOTYPES = YES;
				CLANG_WARN_SUSPICIOUS_MOVE = YES;
				CLANG_WARN_UNGUARDED_AVAILABILITY = YES_AGGRESSIVE;
				CLANG_WARN_UNREACHABLE_CODE = YES;
				CLANG_WARN__DUPLICATE_METHOD_MATCH = YES;
				COPY_PHASE_STRIP = NO;
				DEBUG_INFORMATION_FORMAT = "dwarf-with-dsym";
				ENABLE_NS_ASSERTIONS = NO;
				ENABLE_STRICT_OBJC_MSGSEND = YES;
				ENABLE_USER_SCRIPT_SANDBOXING = YES;
				GCC_C_LANGUAGE_STANDARD = gnu17;
				GCC_NO_COMMON_BLOCKS = YES;
				GCC_WARN_64_TO_32_BIT_CONVERSION = YES;
				GCC_WARN_ABOUT_RETURN_TYPE = YES_ERROR;
				GCC_WARN_UNDECLARED_SELECTOR = YES;
				GCC_WARN_UNINITIALIZED_AUTOS = YES_AGGRESSIVE;
				GCC_WARN_UNUSED_FUNCTION = YES;
				GCC_WARN_UNUSED_VARIABLE = YES;
				IPHONEOS_DEPLOYMENT_TARGET = 17.4;
				LOCALIZATION_PREFERS_STRING_CATALOGS = YES;
				MTL_ENABLE_DEBUG_INFO = NO;
				MTL_FAST_MATH = YES;
				SDKROOT = iphoneos;
				SWIFT_COMPILATION_MODE = wholemodule;
				VALIDATE_PRODUCT = YES;
			};
			name = Release;
		};
		04DDC5272C12FBC200A97BAA /* Debug */ = {
			isa = XCBuildConfiguration;
			buildSettings = {
				ASSETCATALOG_COMPILER_APPICON_NAME = AppIcon;
				ASSETCATALOG_COMPILER_GLOBAL_ACCENT_COLOR_NAME = AccentColor;
				CODE_SIGN_STYLE = Automatic;
				CURRENT_PROJECT_VERSION = 1;
				DEVELOPMENT_ASSET_PATHS = "\"CareSync/Preview Content\"";
				DEVELOPMENT_TEAM = F2X8LZ547C;
				ENABLE_PREVIEWS = YES;
				GENERATE_INFOPLIST_FILE = YES;
				INFOPLIST_KEY_UIApplicationSceneManifest_Generation = YES;
				INFOPLIST_KEY_UIApplicationSupportsIndirectInputEvents = YES;
				INFOPLIST_KEY_UILaunchScreen_Generation = YES;
				INFOPLIST_KEY_UISupportedInterfaceOrientations_iPad = "UIInterfaceOrientationPortrait UIInterfaceOrientationPortraitUpsideDown UIInterfaceOrientationLandscapeLeft UIInterfaceOrientationLandscapeRight";
				INFOPLIST_KEY_UISupportedInterfaceOrientations_iPhone = "UIInterfaceOrientationPortrait UIInterfaceOrientationLandscapeLeft UIInterfaceOrientationLandscapeRight";
				IPHONEOS_DEPLOYMENT_TARGET = 17.1;
				LD_RUNPATH_SEARCH_PATHS = (
					"$(inherited)",
					"@executable_path/Frameworks",
				);
				MARKETING_VERSION = 1.0;
				PRODUCT_BUNDLE_IDENTIFIER = PoLin.CareSync;
				PRODUCT_NAME = "$(TARGET_NAME)";
				SWIFT_EMIT_LOC_STRINGS = YES;
				SWIFT_VERSION = 5.0;
				TARGETED_DEVICE_FAMILY = "1,2";
			};
			name = Debug;
		};
		04DDC5282C12FBC200A97BAA /* Release */ = {
			isa = XCBuildConfiguration;
			buildSettings = {
				ASSETCATALOG_COMPILER_APPICON_NAME = AppIcon;
				ASSETCATALOG_COMPILER_GLOBAL_ACCENT_COLOR_NAME = AccentColor;
				CODE_SIGN_STYLE = Automatic;
				CURRENT_PROJECT_VERSION = 1;
				DEVELOPMENT_ASSET_PATHS = "\"CareSync/Preview Content\"";
				DEVELOPMENT_TEAM = F2X8LZ547C;
				ENABLE_PREVIEWS = YES;
				GENERATE_INFOPLIST_FILE = YES;
				INFOPLIST_KEY_UIApplicationSceneManifest_Generation = YES;
				INFOPLIST_KEY_UIApplicationSupportsIndirectInputEvents = YES;
				INFOPLIST_KEY_UILaunchScreen_Generation = YES;
				INFOPLIST_KEY_UISupportedInterfaceOrientations_iPad = "UIInterfaceOrientationPortrait UIInterfaceOrientationPortraitUpsideDown UIInterfaceOrientationLandscapeLeft UIInterfaceOrientationLandscapeRight";
				INFOPLIST_KEY_UISupportedInterfaceOrientations_iPhone = "UIInterfaceOrientationPortrait UIInterfaceOrientationLandscapeLeft UIInterfaceOrientationLandscapeRight";
				IPHONEOS_DEPLOYMENT_TARGET = 17.1;
				LD_RUNPATH_SEARCH_PATHS = (
					"$(inherited)",
					"@executable_path/Frameworks",
				);
				MARKETING_VERSION = 1.0;
				PRODUCT_BUNDLE_IDENTIFIER = PoLin.CareSync;
				PRODUCT_NAME = "$(TARGET_NAME)";
				SWIFT_EMIT_LOC_STRINGS = YES;
				SWIFT_VERSION = 5.0;
				TARGETED_DEVICE_FAMILY = "1,2";
			};
			name = Release;
		};
/* End XCBuildConfiguration section */

/* Begin XCConfigurationList section */
		04DDC5132C12FBBE00A97BAA /* Build configuration list for PBXProject "CareSync" */ = {
			isa = XCConfigurationList;
			buildConfigurations = (
				04DDC5242C12FBC200A97BAA /* Debug */,
				04DDC5252C12FBC200A97BAA /* Release */,
			);
			defaultConfigurationIsVisible = 0;
			defaultConfigurationName = Release;
		};
		04DDC5262C12FBC200A97BAA /* Build configuration list for PBXNativeTarget "CareSync" */ = {
			isa = XCConfigurationList;
			buildConfigurations = (
				04DDC5272C12FBC200A97BAA /* Debug */,
				04DDC5282C12FBC200A97BAA /* Release */,
			);
			defaultConfigurationIsVisible = 0;
			defaultConfigurationName = Release;
		};
/* End XCConfigurationList section */
	};
	rootObject = 04DDC5102C12FBBE00A97BAA /* Project object */;
}
